
Microsoft Visual Studio Solution File, Format Version 12.00
# Visual Studio 2013
VisualStudioVersion = 12.0.21005.1
MinimumVisualStudioVersion = 10.0.40219.1
Project("{FAE04EC0-301F-11D3-BF4B-00C04F79EFBC}") = "Fyles", "Fyles\Fyles.csproj", "{BA6C74A1-9D91-49C2-98D2-FA8674D8B12B}"
EndProject
Project("{2150E333-8FDC-42A3-9474-1A3956D46DE8}") = "License", "License", "{F478E29F-40BB-4196-973E-2F1875A05102}"
	ProjectSection(SolutionItems) = preProject
		.gitignore = .gitignore
		LICENSE = LICENSE
		README.md = README.md
	EndProjectSection
EndProject
Project("{2150E333-8FDC-42A3-9474-1A3956D46DE8}") = "Build", "Build", "{3246D240-CC41-45D0-9167-90D6CAC70E34}"
EndProject
Global
	GlobalSection(SolutionConfigurationPlatforms) = preSolution
		Debug|Any CPU = Debug|Any CPU
		Release|Any CPU = Release|Any CPU
	EndGlobalSection
	GlobalSection(ProjectConfigurationPlatforms) = postSolution
		{BA6C74A1-9D91-49C2-98D2-FA8674D8B12B}.Debug|Any CPU.ActiveCfg = Debug|Any CPU
		{BA6C74A1-9D91-49C2-98D2-FA8674D8B12B}.Debug|Any CPU.Build.0 = Debug|Any CPU
		{BA6C74A1-9D91-49C2-98D2-FA8674D8B12B}.Release|Any CPU.ActiveCfg = Release|Any CPU
		{BA6C74A1-9D91-49C2-98D2-FA8674D8B12B}.Release|Any CPU.Build.0 = Release|Any CPU
	EndGlobalSection
	GlobalSection(SolutionProperties) = preSolution
		HideSolutionNode = FALSE
	EndGlobalSection
EndGlobal
